// !$*UTF8*$!
{
	archiveVersion = 1;
	classes = {
	};
	objectVersion = 55;
	objects = {

/* Begin PBXBuildFile section */
		8D204C1527BC803400286E77 /* MovieDetailsViewController.swift in Sources */ = {isa = PBXBuildFile; fileRef = 8D204C1427BC803400286E77 /* MovieDetailsViewController.swift */; };
		8D204C1727BCC3B000286E77 /* MovieGridViewController.swift in Sources */ = {isa = PBXBuildFile; fileRef = 8D204C1627BCC3B000286E77 /* MovieGridViewController.swift */; };
		8D204C1927BCCAE500286E77 /* MovieGridCell.swift in Sources */ = {isa = PBXBuildFile; fileRef = 8D204C1827BCCAE500286E77 /* MovieGridCell.swift */; };
		8DAF556327B35F23001BB4E8 /* AppDelegate.swift in Sources */ = {isa = PBXBuildFile; fileRef = 8DAF556227B35F23001BB4E8 /* AppDelegate.swift */; };
		8DAF556527B35F23001BB4E8 /* SceneDelegate.swift in Sources */ = {isa = PBXBuildFile; fileRef = 8DAF556427B35F23001BB4E8 /* SceneDelegate.swift */; };
		8DAF556727B35F23001BB4E8 /* ViewController.swift in Sources */ = {isa = PBXBuildFile; fileRef = 8DAF556627B35F23001BB4E8 /* ViewController.swift */; };
		8DAF556A27B35F23001BB4E8 /* Main.storyboard in Resources */ = {isa = PBXBuildFile; fileRef = 8DAF556827B35F23001BB4E8 /* Main.storyboard */; };
		8DAF556C27B35F25001BB4E8 /* Assets.xcassets in Resources */ = {isa = PBXBuildFile; fileRef = 8DAF556B27B35F25001BB4E8 /* Assets.xcassets */; };
		8DAF556F27B35F25001BB4E8 /* LaunchScreen.storyboard in Resources */ = {isa = PBXBuildFile; fileRef = 8DAF556D27B35F25001BB4E8 /* LaunchScreen.storyboard */; };
		8DAF557A27B35F25001BB4E8 /* FlixTests.swift in Sources */ = {isa = PBXBuildFile; fileRef = 8DAF557927B35F25001BB4E8 /* FlixTests.swift */; };
		8DAF558427B35F25001BB4E8 /* FlixUITests.swift in Sources */ = {isa = PBXBuildFile; fileRef = 8DAF558327B35F25001BB4E8 /* FlixUITests.swift */; };
		8DAF558627B35F25001BB4E8 /* FlixUITestsLaunchTests.swift in Sources */ = {isa = PBXBuildFile; fileRef = 8DAF558527B35F25001BB4E8 /* FlixUITestsLaunchTests.swift */; };
		8DAF559327B36F3A001BB4E8 /* MovieCell.swift in Sources */ = {isa = PBXBuildFile; fileRef = 8DAF559227B36F3A001BB4E8 /* MovieCell.swift */; };
		8DAF559627B373B2001BB4E8 /* AlamofireImage in Frameworks */ = {isa = PBXBuildFile; productRef = 8DAF559527B373B2001BB4E8 /* AlamofireImage */; };
		AC297F81D039BE5A48377070 /* Pods_Flix_FlixUITests.framework in Frameworks */ = {isa = PBXBuildFile; fileRef = D3418BDECB16EC3184CF9838 /* Pods_Flix_FlixUITests.framework */; };
		CAEEFE5DD18E5F4579A7F361 /* Pods_Flix.framework in Frameworks */ = {isa = PBXBuildFile; fileRef = 5AF0F38CDD74622D1B7BA791 /* Pods_Flix.framework */; };
		DEE5835D107F4D5A89B4E2B6 /* Pods_FlixTests.framework in Frameworks */ = {isa = PBXBuildFile; fileRef = 0105B5D52333B3BBACB1C5DD /* Pods_FlixTests.framework */; };
/* End PBXBuildFile section */

/* Begin PBXContainerItemProxy section */
		8DAF557627B35F25001BB4E8 /* PBXContainerItemProxy */ = {
			isa = PBXContainerItemProxy;
			containerPortal = 8DAF555727B35F23001BB4E8 /* Project object */;
			proxyType = 1;
			remoteGlobalIDString = 8DAF555E27B35F23001BB4E8;
			remoteInfo = Flix;
		};
		8DAF558027B35F25001BB4E8 /* PBXContainerItemProxy */ = {
			isa = PBXContainerItemProxy;
			containerPortal = 8DAF555727B35F23001BB4E8 /* Project object */;
			proxyType = 1;
			remoteGlobalIDString = 8DAF555E27B35F23001BB4E8;
			remoteInfo = Flix;
		};
/* End PBXContainerItemProxy section */

/* Begin PBXFileReference section */
		0105B5D52333B3BBACB1C5DD /* Pods_FlixTests.framework */ = {isa = PBXFileReference; explicitFileType = wrapper.framework; includeInIndex = 0; path = Pods_FlixTests.framework; sourceTree = BUILT_PRODUCTS_DIR; };
		0547E60FE984B12DCE035993 /* Pods-Flix.release.xcconfig */ = {isa = PBXFileReference; includeInIndex = 1; lastKnownFileType = text.xcconfig; name = "Pods-Flix.release.xcconfig"; path = "Target Support Files/Pods-Flix/Pods-Flix.release.xcconfig"; sourceTree = "<group>"; };
		1707D81C21445A2C72B9E417 /* Pods-Flix-FlixUITests.release.xcconfig */ = {isa = PBXFileReference; includeInIndex = 1; lastKnownFileType = text.xcconfig; name = "Pods-Flix-FlixUITests.release.xcconfig"; path = "Target Support Files/Pods-Flix-FlixUITests/Pods-Flix-FlixUITests.release.xcconfig"; sourceTree = "<group>"; };
		1A7A3EDEEC02BEE46F594C85 /* Pods-Flix-FlixUITests.debug.xcconfig */ = {isa = PBXFileReference; includeInIndex = 1; lastKnownFileType = text.xcconfig; name = "Pods-Flix-FlixUITests.debug.xcconfig"; path = "Target Support Files/Pods-Flix-FlixUITests/Pods-Flix-FlixUITests.debug.xcconfig"; sourceTree = "<group>"; };
		3B371236437BEDE1CE42B53A /* Pods-FlixTests.debug.xcconfig */ = {isa = PBXFileReference; includeInIndex = 1; lastKnownFileType = text.xcconfig; name = "Pods-FlixTests.debug.xcconfig"; path = "Target Support Files/Pods-FlixTests/Pods-FlixTests.debug.xcconfig"; sourceTree = "<group>"; };
		5AF0F38CDD74622D1B7BA791 /* Pods_Flix.framework */ = {isa = PBXFileReference; explicitFileType = wrapper.framework; includeInIndex = 0; path = Pods_Flix.framework; sourceTree = BUILT_PRODUCTS_DIR; };
		8D204C1427BC803400286E77 /* MovieDetailsViewController.swift */ = {isa = PBXFileReference; lastKnownFileType = sourcecode.swift; path = MovieDetailsViewController.swift; sourceTree = "<group>"; };
		8D204C1627BCC3B000286E77 /* MovieGridViewController.swift */ = {isa = PBXFileReference; lastKnownFileType = sourcecode.swift; path = MovieGridViewController.swift; sourceTree = "<group>"; };
		8D204C1827BCCAE500286E77 /* MovieGridCell.swift */ = {isa = PBXFileReference; lastKnownFileType = sourcecode.swift; path = MovieGridCell.swift; sourceTree = "<group>"; };
		8DAF555F27B35F23001BB4E8 /* Flix.app */ = {isa = PBXFileReference; explicitFileType = wrapper.application; includeInIndex = 0; path = Flix.app; sourceTree = BUILT_PRODUCTS_DIR; };
		8DAF556227B35F23001BB4E8 /* AppDelegate.swift */ = {isa = PBXFileReference; lastKnownFileType = sourcecode.swift; path = AppDelegate.swift; sourceTree = "<group>"; };
		8DAF556427B35F23001BB4E8 /* SceneDelegate.swift */ = {isa = PBXFileReference; lastKnownFileType = sourcecode.swift; path = SceneDelegate.swift; sourceTree = "<group>"; };
		8DAF556627B35F23001BB4E8 /* ViewController.swift */ = {isa = PBXFileReference; lastKnownFileType = sourcecode.swift; path = ViewController.swift; sourceTree = "<group>"; };
		8DAF556927B35F23001BB4E8 /* Base */ = {isa = PBXFileReference; lastKnownFileType = file.storyboard; name = Base; path = Base.lproj/Main.storyboard; sourceTree = "<group>"; };
		8DAF556B27B35F25001BB4E8 /* Assets.xcassets */ = {isa = PBXFileReference; lastKnownFileType = folder.assetcatalog; path = Assets.xcassets; sourceTree = "<group>"; };
		8DAF556E27B35F25001BB4E8 /* Base */ = {isa = PBXFileReference; lastKnownFileType = file.storyboard; name = Base; path = Base.lproj/LaunchScreen.storyboard; sourceTree = "<group>"; };
		8DAF557027B35F25001BB4E8 /* Info.plist */ = {isa = PBXFileReference; lastKnownFileType = text.plist.xml; path = Info.plist; sourceTree = "<group>"; };
		8DAF557527B35F25001BB4E8 /* FlixTests.xctest */ = {isa = PBXFileReference; explicitFileType = wrapper.cfbundle; includeInIndex = 0; path = FlixTests.xctest; sourceTree = BUILT_PRODUCTS_DIR; };
		8DAF557927B35F25001BB4E8 /* FlixTests.swift */ = {isa = PBXFileReference; lastKnownFileType = sourcecode.swift; path = FlixTests.swift; sourceTree = "<group>"; };
		8DAF557F27B35F25001BB4E8 /* FlixUITests.xctest */ = {isa = PBXFileReference; explicitFileType = wrapper.cfbundle; includeInIndex = 0; path = FlixUITests.xctest; sourceTree = BUILT_PRODUCTS_DIR; };
		8DAF558327B35F25001BB4E8 /* FlixUITests.swift */ = {isa = PBXFileReference; lastKnownFileType = sourcecode.swift; path = FlixUITests.swift; sourceTree = "<group>"; };
		8DAF558527B35F25001BB4E8 /* FlixUITestsLaunchTests.swift */ = {isa = PBXFileReference; lastKnownFileType = sourcecode.swift; path = FlixUITestsLaunchTests.swift; sourceTree = "<group>"; };
		8DAF559227B36F3A001BB4E8 /* MovieCell.swift */ = {isa = PBXFileReference; lastKnownFileType = sourcecode.swift; path = MovieCell.swift; sourceTree = "<group>"; };
		93C1B80DD7D7232A8B64A540 /* Pods-FlixTests.release.xcconfig */ = {isa = PBXFileReference; includeInIndex = 1; lastKnownFileType = text.xcconfig; name = "Pods-FlixTests.release.xcconfig"; path = "Target Support Files/Pods-FlixTests/Pods-FlixTests.release.xcconfig"; sourceTree = "<group>"; };
		D05E59A0CA1BE28E5D521187 /* Pods-Flix.debug.xcconfig */ = {isa = PBXFileReference; includeInIndex = 1; lastKnownFileType = text.xcconfig; name = "Pods-Flix.debug.xcconfig"; path = "Target Support Files/Pods-Flix/Pods-Flix.debug.xcconfig"; sourceTree = "<group>"; };
		D3418BDECB16EC3184CF9838 /* Pods_Flix_FlixUITests.framework */ = {isa = PBXFileReference; explicitFileType = wrapper.framework; includeInIndex = 0; path = Pods_Flix_FlixUITests.framework; sourceTree = BUILT_PRODUCTS_DIR; };
/* End PBXFileReference section */

/* Begin PBXFrameworksBuildPhase section */
		8DAF555C27B35F23001BB4E8 /* Frameworks */ = {
			isa = PBXFrameworksBuildPhase;
			buildActionMask = 2147483647;
			files = (
				8DAF559627B373B2001BB4E8 /* AlamofireImage in Frameworks */,
				CAEEFE5DD18E5F4579A7F361 /* Pods_Flix.framework in Frameworks */,
			);
			runOnlyForDeploymentPostprocessing = 0;
		};
		8DAF557227B35F25001BB4E8 /* Frameworks */ = {
			isa = PBXFrameworksBuildPhase;
			buildActionMask = 2147483647;
			files = (
				DEE5835D107F4D5A89B4E2B6 /* Pods_FlixTests.framework in Frameworks */,
			);
			runOnlyForDeploymentPostprocessing = 0;
		};
		8DAF557C27B35F25001BB4E8 /* Frameworks */ = {
			isa = PBXFrameworksBuildPhase;
			buildActionMask = 2147483647;
			files = (
				AC297F81D039BE5A48377070 /* Pods_Flix_FlixUITests.framework in Frameworks */,
			);
			runOnlyForDeploymentPostprocessing = 0;
		};
/* End PBXFrameworksBuildPhase section */

/* Begin PBXGroup section */
		3C1566088FB47210E9281E1A /* Frameworks */ = {
			isa = PBXGroup;
			children = (
				5AF0F38CDD74622D1B7BA791 /* Pods_Flix.framework */,
				D3418BDECB16EC3184CF9838 /* Pods_Flix_FlixUITests.framework */,
				0105B5D52333B3BBACB1C5DD /* Pods_FlixTests.framework */,
			);
			name = Frameworks;
			sourceTree = "<group>";
		};
		52790647E2669B460768AEE6 /* Pods */ = {
			isa = PBXGroup;
			children = (
				D05E59A0CA1BE28E5D521187 /* Pods-Flix.debug.xcconfig */,
				0547E60FE984B12DCE035993 /* Pods-Flix.release.xcconfig */,
				1A7A3EDEEC02BEE46F594C85 /* Pods-Flix-FlixUITests.debug.xcconfig */,
				1707D81C21445A2C72B9E417 /* Pods-Flix-FlixUITests.release.xcconfig */,
				3B371236437BEDE1CE42B53A /* Pods-FlixTests.debug.xcconfig */,
				93C1B80DD7D7232A8B64A540 /* Pods-FlixTests.release.xcconfig */,
			);
			path = Pods;
			sourceTree = "<group>";
		};
		8DAF555627B35F23001BB4E8 = {
			isa = PBXGroup;
			children = (
				8DAF556127B35F23001BB4E8 /* Flix */,
				8DAF557827B35F25001BB4E8 /* FlixTests */,
				8DAF558227B35F25001BB4E8 /* FlixUITests */,
				8DAF556027B35F23001BB4E8 /* Products */,
				52790647E2669B460768AEE6 /* Pods */,
				3C1566088FB47210E9281E1A /* Frameworks */,
			);
			sourceTree = "<group>";
		};
		8DAF556027B35F23001BB4E8 /* Products */ = {
			isa = PBXGroup;
			children = (
				8DAF555F27B35F23001BB4E8 /* Flix.app */,
				8DAF557527B35F25001BB4E8 /* FlixTests.xctest */,
				8DAF557F27B35F25001BB4E8 /* FlixUITests.xctest */,
			);
			name = Products;
			sourceTree = "<group>";
		};
		8DAF556127B35F23001BB4E8 /* Flix */ = {
			isa = PBXGroup;
			children = (
				8DAF556227B35F23001BB4E8 /* AppDelegate.swift */,
				8DAF556427B35F23001BB4E8 /* SceneDelegate.swift */,
				8DAF556627B35F23001BB4E8 /* ViewController.swift */,
				8DAF556827B35F23001BB4E8 /* Main.storyboard */,
				8DAF559227B36F3A001BB4E8 /* MovieCell.swift */,
				8DAF556B27B35F25001BB4E8 /* Assets.xcassets */,
				8DAF556D27B35F25001BB4E8 /* LaunchScreen.storyboard */,
				8DAF557027B35F25001BB4E8 /* Info.plist */,
				8D204C1427BC803400286E77 /* MovieDetailsViewController.swift */,
				8D204C1627BCC3B000286E77 /* MovieGridViewController.swift */,
				8D204C1827BCCAE500286E77 /* MovieGridCell.swift */,
			);
			path = Flix;
			sourceTree = "<group>";
		};
		8DAF557827B35F25001BB4E8 /* FlixTests */ = {
			isa = PBXGroup;
			children = (
				8DAF557927B35F25001BB4E8 /* FlixTests.swift */,
			);
			path = FlixTests;
			sourceTree = "<group>";
		};
		8DAF558227B35F25001BB4E8 /* FlixUITests */ = {
			isa = PBXGroup;
			children = (
				8DAF558327B35F25001BB4E8 /* FlixUITests.swift */,
				8DAF558527B35F25001BB4E8 /* FlixUITestsLaunchTests.swift */,
			);
			path = FlixUITests;
			sourceTree = "<group>";
		};
/* End PBXGroup section */

/* Begin PBXNativeTarget section */
		8DAF555E27B35F23001BB4E8 /* Flix */ = {
			isa = PBXNativeTarget;
			buildConfigurationList = 8DAF558927B35F25001BB4E8 /* Build configuration list for PBXNativeTarget "Flix" */;
			buildPhases = (
				F2ED471FFB05F8094F801362 /* [CP] Check Pods Manifest.lock */,
				8DAF555B27B35F23001BB4E8 /* Sources */,
				8DAF555C27B35F23001BB4E8 /* Frameworks */,
				8DAF555D27B35F23001BB4E8 /* Resources */,
				34033BEBE9CE99E37258D184 /* [CP] Embed Pods Frameworks */,
			);
			buildRules = (
			);
			dependencies = (
			);
			name = Flix;
			packageProductDependencies = (
				8DAF559527B373B2001BB4E8 /* AlamofireImage */,
			);
			productName = Flix;
			productReference = 8DAF555F27B35F23001BB4E8 /* Flix.app */;
			productType = "com.apple.product-type.application";
		};
		8DAF557427B35F25001BB4E8 /* FlixTests */ = {
			isa = PBXNativeTarget;
			buildConfigurationList = 8DAF558C27B35F25001BB4E8 /* Build configuration list for PBXNativeTarget "FlixTests" */;
			buildPhases = (
				BEE4F20F4F8E5F8BD490C063 /* [CP] Check Pods Manifest.lock */,
				8DAF557127B35F25001BB4E8 /* Sources */,
				8DAF557227B35F25001BB4E8 /* Frameworks */,
				8DAF557327B35F25001BB4E8 /* Resources */,
			);
			buildRules = (
			);
			dependencies = (
				8DAF557727B35F25001BB4E8 /* PBXTargetDependency */,
			);
			name = FlixTests;
			productName = FlixTests;
			productReference = 8DAF557527B35F25001BB4E8 /* FlixTests.xctest */;
			productType = "com.apple.product-type.bundle.unit-test";
		};
		8DAF557E27B35F25001BB4E8 /* FlixUITests */ = {
			isa = PBXNativeTarget;
			buildConfigurationList = 8DAF558F27B35F25001BB4E8 /* Build configuration list for PBXNativeTarget "FlixUITests" */;
			buildPhases = (
				67092F67A491725A2A99F949 /* [CP] Check Pods Manifest.lock */,
				8DAF557B27B35F25001BB4E8 /* Sources */,
				8DAF557C27B35F25001BB4E8 /* Frameworks */,
				8DAF557D27B35F25001BB4E8 /* Resources */,
				9FFC185508FC53CA8CB687C9 /* [CP] Embed Pods Frameworks */,
			);
			buildRules = (
			);
			dependencies = (
				8DAF558127B35F25001BB4E8 /* PBXTargetDependency */,
			);
			name = FlixUITests;
			productName = FlixUITests;
			productReference = 8DAF557F27B35F25001BB4E8 /* FlixUITests.xctest */;
			productType = "com.apple.product-type.bundle.ui-testing";
		};
/* End PBXNativeTarget section */

/* Begin PBXProject section */
		8DAF555727B35F23001BB4E8 /* Project object */ = {
			isa = PBXProject;
			attributes = {
				BuildIndependentTargetsInParallel = 1;
				LastSwiftUpdateCheck = 1320;
				LastUpgradeCheck = 1320;
				TargetAttributes = {
					8DAF555E27B35F23001BB4E8 = {
						CreatedOnToolsVersion = 13.2.1;
					};
					8DAF557427B35F25001BB4E8 = {
						CreatedOnToolsVersion = 13.2.1;
						TestTargetID = 8DAF555E27B35F23001BB4E8;
					};
					8DAF557E27B35F25001BB4E8 = {
						CreatedOnToolsVersion = 13.2.1;
						TestTargetID = 8DAF555E27B35F23001BB4E8;
					};
				};
			};
			buildConfigurationList = 8DAF555A27B35F23001BB4E8 /* Build configuration list for PBXProject "Flix" */;
			compatibilityVersion = "Xcode 13.0";
			developmentRegion = en;
			hasScannedForEncodings = 0;
			knownRegions = (
				en,
				Base,
			);
			mainGroup = 8DAF555627B35F23001BB4E8;
			packageReferences = (
				8DAF559427B373B2001BB4E8 /* XCRemoteSwiftPackageReference "AlamofireImage" */,
			);
			productRefGroup = 8DAF556027B35F23001BB4E8 /* Products */;
			projectDirPath = "";
			projectRoot = "";
			targets = (
				8DAF555E27B35F23001BB4E8 /* Flix */,
				8DAF557427B35F25001BB4E8 /* FlixTests */,
				8DAF557E27B35F25001BB4E8 /* FlixUITests */,
			);
		};
/* End PBXProject section */

/* Begin PBXResourcesBuildPhase section */
		8DAF555D27B35F23001BB4E8 /* Resources */ = {
			isa = PBXResourcesBuildPhase;
			buildActionMask = 2147483647;
			files = (
				8DAF556F27B35F25001BB4E8 /* LaunchScreen.storyboard in Resources */,
				8DAF556C27B35F25001BB4E8 /* Assets.xcassets in Resources */,
				8DAF556A27B35F23001BB4E8 /* Main.storyboard in Resources */,
			);
			runOnlyForDeploymentPostprocessing = 0;
		};
		8DAF557327B35F25001BB4E8 /* Resources */ = {
			isa = PBXResourcesBuildPhase;
			buildActionMask = 2147483647;
			files = (
			);
			runOnlyForDeploymentPostprocessing = 0;
		};
		8DAF557D27B35F25001BB4E8 /* Resources */ = {
			isa = PBXResourcesBuildPhase;
			buildActionMask = 2147483647;
			files = (
			);
			runOnlyForDeploymentPostprocessing = 0;
		};
/* End PBXResourcesBuildPhase section */

/* Begin PBXShellScriptBuildPhase section */
		34033BEBE9CE99E37258D184 /* [CP] Embed Pods Frameworks */ = {
			isa = PBXShellScriptBuildPhase;
			buildActionMask = 2147483647;
			files = (
			);
			inputFileListPaths = (
				"${PODS_ROOT}/Target Support Files/Pods-Flix/Pods-Flix-frameworks-${CONFIGURATION}-input-files.xcfilelist",
			);
			name = "[CP] Embed Pods Frameworks";
			outputFileListPaths = (
				"${PODS_ROOT}/Target Support Files/Pods-Flix/Pods-Flix-frameworks-${CONFIGURATION}-output-files.xcfilelist",
			);
			runOnlyForDeploymentPostprocessing = 0;
			shellPath = /bin/sh;
			shellScript = "\"${PODS_ROOT}/Target Support Files/Pods-Flix/Pods-Flix-frameworks.sh\"\n";
			showEnvVarsInLog = 0;
		};
		67092F67A491725A2A99F949 /* [CP] Check Pods Manifest.lock */ = {
			isa = PBXShellScriptBuildPhase;
			buildActionMask = 2147483647;
			files = (
			);
			inputFileListPaths = (
			);
			inputPaths = (
				"${PODS_PODFILE_DIR_PATH}/Podfile.lock",
				"${PODS_ROOT}/Manifest.lock",
			);
			name = "[CP] Check Pods Manifest.lock";
			outputFileListPaths = (
			);
			outputPaths = (
				"$(DERIVED_FILE_DIR)/Pods-Flix-FlixUITests-checkManifestLockResult.txt",
			);
			runOnlyForDeploymentPostprocessing = 0;
			shellPath = /bin/sh;
			shellScript = "diff \"${PODS_PODFILE_DIR_PATH}/Podfile.lock\" \"${PODS_ROOT}/Manifest.lock\" > /dev/null\nif [ $? != 0 ] ; then\n    # print error to STDERR\n    echo \"error: The sandbox is not in sync with the Podfile.lock. Run 'pod install' or update your CocoaPods installation.\" >&2\n    exit 1\nfi\n# This output is used by Xcode 'outputs' to avoid re-running this script phase.\necho \"SUCCESS\" > \"${SCRIPT_OUTPUT_FILE_0}\"\n";
			showEnvVarsInLog = 0;
		};
		9FFC185508FC53CA8CB687C9 /* [CP] Embed Pods Frameworks */ = {
			isa = PBXShellScriptBuildPhase;
			buildActionMask = 2147483647;
			files = (
			);
			inputFileListPaths = (
				"${PODS_ROOT}/Target Support Files/Pods-Flix-FlixUITests/Pods-Flix-FlixUITests-frameworks-${CONFIGURATION}-input-files.xcfilelist",
			);
			name = "[CP] Embed Pods Frameworks";
			outputFileListPaths = (
				"${PODS_ROOT}/Target Support Files/Pods-Flix-FlixUITests/Pods-Flix-FlixUITests-frameworks-${CONFIGURATION}-output-files.xcfilelist",
			);
			runOnlyForDeploymentPostprocessing = 0;
			shellPath = /bin/sh;
			shellScript = "\"${PODS_ROOT}/Target Support Files/Pods-Flix-FlixUITests/Pods-Flix-FlixUITests-frameworks.sh\"\n";
			showEnvVarsInLog = 0;
		};
		BEE4F20F4F8E5F8BD490C063 /* [CP] Check Pods Manifest.lock */ = {
			isa = PBXShellScriptBuildPhase;
			buildActionMask = 2147483647;
			files = (
			);
			inputFileListPaths = (
			);
			inputPaths = (
				"${PODS_PODFILE_DIR_PATH}/Podfile.lock",
				"${PODS_ROOT}/Manifest.lock",
			);
			name = "[CP] Check Pods Manifest.lock";
			outputFileListPaths = (
			);
			outputPaths = (
				"$(DERIVED_FILE_DIR)/Pods-FlixTests-checkManifestLockResult.txt",
			);
			runOnlyForDeploymentPostprocessing = 0;
			shellPath = /bin/sh;
			shellScript = "diff \"${PODS_PODFILE_DIR_PATH}/Podfile.lock\" \"${PODS_ROOT}/Manifest.lock\" > /dev/null\nif [ $? != 0 ] ; then\n    # print error to STDERR\n    echo \"error: The sandbox is not in sync with the Podfile.lock. Run 'pod install' or update your CocoaPods installation.\" >&2\n    exit 1\nfi\n# This output is used by Xcode 'outputs' to avoid re-running this script phase.\necho \"SUCCESS\" > \"${SCRIPT_OUTPUT_FILE_0}\"\n";
			showEnvVarsInLog = 0;
		};
		F2ED471FFB05F8094F801362 /* [CP] Check Pods Manifest.lock */ = {
			isa = PBXShellScriptBuildPhase;
			buildActionMask = 2147483647;
			files = (
			);
			inputFileListPaths = (
			);
			inputPaths = (
				"${PODS_PODFILE_DIR_PATH}/Podfile.lock",
				"${PODS_ROOT}/Manifest.lock",
			);
			name = "[CP] Check Pods Manifest.lock";
			outputFileListPaths = (
			);
			outputPaths = (
				"$(DERIVED_FILE_DIR)/Pods-Flix-checkManifestLockResult.txt",
			);
			runOnlyForDeploymentPostprocessing = 0;
			shellPath = /bin/sh;
			shellScript = "diff \"${PODS_PODFILE_DIR_PATH}/Podfile.lock\" \"${PODS_ROOT}/Manifest.lock\" > /dev/null\nif [ $? != 0 ] ; then\n    # print error to STDERR\n    echo \"error: The sandbox is not in sync with the Podfile.lock. Run 'pod install' or update your CocoaPods installation.\" >&2\n    exit 1\nfi\n# This output is used by Xcode 'outputs' to avoid re-running this script phase.\necho \"SUCCESS\" > \"${SCRIPT_OUTPUT_FILE_0}\"\n";
			showEnvVarsInLog = 0;
		};
/* End PBXShellScriptBuildPhase section */

/* Begin PBXSourcesBuildPhase section */
		8DAF555B27B35F23001BB4E8 /* Sources */ = {
			isa = PBXSourcesBuildPhase;
			buildActionMask = 2147483647;
			files = (
				8D204C1527BC803400286E77 /* MovieDetailsViewController.swift in Sources */,
				8DAF556727B35F23001BB4E8 /* ViewController.swift in Sources */,
				8DAF556327B35F23001BB4E8 /* AppDelegate.swift in Sources */,
				8DAF559327B36F3A001BB4E8 /* MovieCell.swift in Sources */,
				8DAF556527B35F23001BB4E8 /* SceneDelegate.swift in Sources */,
				8D204C1727BCC3B000286E77 /* MovieGridViewController.swift in Sources */,
				8D204C1927BCCAE500286E77 /* MovieGridCell.swift in Sources */,
			);
			runOnlyForDeploymentPostprocessing = 0;
		};
		8DAF557127B35F25001BB4E8 /* Sources */ = {
			isa = PBXSourcesBuildPhase;
			buildActionMask = 2147483647;
			files = (
				8DAF557A27B35F25001BB4E8 /* FlixTests.swift in Sources */,
			);
			runOnlyForDeploymentPostprocessing = 0;
		};
		8DAF557B27B35F25001BB4E8 /* Sources */ = {
			isa = PBXSourcesBuildPhase;
			buildActionMask = 2147483647;
			files = (
				8DAF558427B35F25001BB4E8 /* FlixUITests.swift in Sources */,
				8DAF558627B35F25001BB4E8 /* FlixUITestsLaunchTests.swift in Sources */,
			);
			runOnlyForDeploymentPostprocessing = 0;
		};
/* End PBXSourcesBuildPhase section */

/* Begin PBXTargetDependency section */
		8DAF557727B35F25001BB4E8 /* PBXTargetDependency */ = {
			isa = PBXTargetDependency;
			target = 8DAF555E27B35F23001BB4E8 /* Flix */;
			targetProxy = 8DAF557627B35F25001BB4E8 /* PBXContainerItemProxy */;
		};
		8DAF558127B35F25001BB4E8 /* PBXTargetDependency */ = {
			isa = PBXTargetDependency;
			target = 8DAF555E27B35F23001BB4E8 /* Flix */;
			targetProxy = 8DAF558027B35F25001BB4E8 /* PBXContainerItemProxy */;
		};
/* End PBXTargetDependency section */

/* Begin PBXVariantGroup section */
		8DAF556827B35F23001BB4E8 /* Main.storyboard */ = {
			isa = PBXVariantGroup;
			children = (
				8DAF556927B35F23001BB4E8 /* Base */,
			);
			name = Main.storyboard;
			sourceTree = "<group>";
		};
		8DAF556D27B35F25001BB4E8 /* LaunchScreen.storyboard */ = {
			isa = PBXVariantGroup;
			children = (
				8DAF556E27B35F25001BB4E8 /* Base */,
			);
			name = LaunchScreen.storyboard;
			sourceTree = "<group>";
		};
/* End PBXVariantGroup section */

/* Begin XCBuildConfiguration section */
		8DAF558727B35F25001BB4E8 /* Debug */ = {
			isa = XCBuildConfiguration;
			buildSettings = {
				ALWAYS_SEARCH_USER_PATHS = NO;
				CLANG_ANALYZER_NONNULL = YES;
				CLANG_ANALYZER_NUMBER_OBJECT_CONVERSION = YES_AGGRESSIVE;
				CLANG_CXX_LANGUAGE_STANDARD = "gnu++17";
				CLANG_CXX_LIBRARY = "libc++";
				CLANG_ENABLE_MODULES = YES;
				CLANG_ENABLE_OBJC_ARC = YES;
				CLANG_ENABLE_OBJC_WEAK = YES;
				CLANG_WARN_BLOCK_CAPTURE_AUTORELEASING = YES;
				CLANG_WARN_BOOL_CONVERSION = YES;
				CLANG_WARN_COMMA = YES;
				CLANG_WARN_CONSTANT_CONVERSION = YES;
				CLANG_WARN_DEPRECATED_OBJC_IMPLEMENTATIONS = YES;
				CLANG_WARN_DIRECT_OBJC_ISA_USAGE = YES_ERROR;
				CLANG_WARN_DOCUMENTATION_COMMENTS = YES;
				CLANG_WARN_EMPTY_BODY = YES;
				CLANG_WARN_ENUM_CONVERSION = YES;
				CLANG_WARN_INFINITE_RECURSION = YES;
				CLANG_WARN_INT_CONVERSION = YES;
				CLANG_WARN_NON_LITERAL_NULL_CONVERSION = YES;
				CLANG_WARN_OBJC_IMPLICIT_RETAIN_SELF = YES;
				CLANG_WARN_OBJC_LITERAL_CONVERSION = YES;
				CLANG_WARN_OBJC_ROOT_CLASS = YES_ERROR;
				CLANG_WARN_QUOTED_INCLUDE_IN_FRAMEWORK_HEADER = YES;
				CLANG_WARN_RANGE_LOOP_ANALYSIS = YES;
				CLANG_WARN_STRICT_PROTOTYPES = YES;
				CLANG_WARN_SUSPICIOUS_MOVE = YES;
				CLANG_WARN_UNGUARDED_AVAILABILITY = YES_AGGRESSIVE;
				CLANG_WARN_UNREACHABLE_CODE = YES;
				CLANG_WARN__DUPLICATE_METHOD_MATCH = YES;
				COPY_PHASE_STRIP = NO;
				DEBUG_INFORMATION_FORMAT = dwarf;
				ENABLE_STRICT_OBJC_MSGSEND = YES;
				ENABLE_TESTABILITY = YES;
				GCC_C_LANGUAGE_STANDARD = gnu11;
				GCC_DYNAMIC_NO_PIC = NO;
				GCC_NO_COMMON_BLOCKS = YES;
				GCC_OPTIMIZATION_LEVEL = 0;
				GCC_PREPROCESSOR_DEFINITIONS = (
					"DEBUG=1",
					"$(inherited)",
				);
				GCC_WARN_64_TO_32_BIT_CONVERSION = YES;
				GCC_WARN_ABOUT_RETURN_TYPE = YES_ERROR;
				GCC_WARN_UNDECLARED_SELECTOR = YES;
				GCC_WARN_UNINITIALIZED_AUTOS = YES_AGGRESSIVE;
				GCC_WARN_UNUSED_FUNCTION = YES;
				GCC_WARN_UNUSED_VARIABLE = YES;
				IPHONEOS_DEPLOYMENT_TARGET = 15.2;
				MTL_ENABLE_DEBUG_INFO = INCLUDE_SOURCE;
				MTL_FAST_MATH = YES;
				ONLY_ACTIVE_ARCH = YES;
				SDKROOT = iphoneos;
				SWIFT_ACTIVE_COMPILATION_CONDITIONS = DEBUG;
				SWIFT_OPTIMIZATION_LEVEL = "-Onone";
			};
			name = Debug;
		};
		8DAF558827B35F25001BB4E8 /* Release */ = {
			isa = XCBuildConfiguration;
			buildSettings = {
				ALWAYS_SEARCH_USER_PATHS = NO;
				CLANG_ANALYZER_NONNULL = YES;
				CLANG_ANALYZER_NUMBER_OBJECT_CONVERSION = YES_AGGRESSIVE;
				CLANG_CXX_LANGUAGE_STANDARD = "gnu++17";
				CLANG_CXX_LIBRARY = "libc++";
				CLANG_ENABLE_MODULES = YES;
				CLANG_ENABLE_OBJC_ARC = YES;
				CLANG_ENABLE_OBJC_WEAK = YES;
				CLANG_WARN_BLOCK_CAPTURE_AUTORELEASING = YES;
				CLANG_WARN_BOOL_CONVERSION = YES;
				CLANG_WARN_COMMA = YES;
				CLANG_WARN_CONSTANT_CONVERSION = YES;
				CLANG_WARN_DEPRECATED_OBJC_IMPLEMENTATIONS = YES;
				CLANG_WARN_DIRECT_OBJC_ISA_USAGE = YES_ERROR;
				CLANG_WARN_DOCUMENTATION_COMMENTS = YES;
				CLANG_WARN_EMPTY_BODY = YES;
				CLANG_WARN_ENUM_CONVERSION = YES;
				CLANG_WARN_INFINITE_RECURSION = YES;
				CLANG_WARN_INT_CONVERSION = YES;
				CLANG_WARN_NON_LITERAL_NULL_CONVERSION = YES;
				CLANG_WARN_OBJC_IMPLICIT_RETAIN_SELF = YES;
				CLANG_WARN_OBJC_LITERAL_CONVERSION = YES;
				CLANG_WARN_OBJC_ROOT_CLASS = YES_ERROR;
				CLANG_WARN_QUOTED_INCLUDE_IN_FRAMEWORK_HEADER = YES;
				CLANG_WARN_RANGE_LOOP_ANALYSIS = YES;
				CLANG_WARN_STRICT_PROTOTYPES = YES;
				CLANG_WARN_SUSPICIOUS_MOVE = YES;
				CLANG_WARN_UNGUARDED_AVAILABILITY = YES_AGGRESSIVE;
				CLANG_WARN_UNREACHABLE_CODE = YES;
				CLANG_WARN__DUPLICATE_METHOD_MATCH = YES;
				COPY_PHASE_STRIP = NO;
				DEBUG_INFORMATION_FORMAT = "dwarf-with-dsym";
				ENABLE_NS_ASSERTIONS = NO;
				ENABLE_STRICT_OBJC_MSGSEND = YES;
				GCC_C_LANGUAGE_STANDARD = gnu11;
				GCC_NO_COMMON_BLOCKS = YES;
				GCC_WARN_64_TO_32_BIT_CONVERSION = YES;
				GCC_WARN_ABOUT_RETURN_TYPE = YES_ERROR;
				GCC_WARN_UNDECLARED_SELECTOR = YES;
				GCC_WARN_UNINITIALIZED_AUTOS = YES_AGGRESSIVE;
				GCC_WARN_UNUSED_FUNCTION = YES;
				GCC_WARN_UNUSED_VARIABLE = YES;
				IPHONEOS_DEPLOYMENT_TARGET = 15.2;
				MTL_ENABLE_DEBUG_INFO = NO;
				MTL_FAST_MATH = YES;
				SDKROOT = iphoneos;
				SWIFT_COMPILATION_MODE = wholemodule;
				SWIFT_OPTIMIZATION_LEVEL = "-O";
				VALIDATE_PRODUCT = YES;
			};
			name = Release;
		};
		8DAF558A27B35F25001BB4E8 /* Debug */ = {
			isa = XCBuildConfiguration;
			baseConfigurationReference = D05E59A0CA1BE28E5D521187 /* Pods-Flix.debug.xcconfig */;
			buildSettings = {
				ASSETCATALOG_COMPILER_APPICON_NAME = AppIcon;
				ASSETCATALOG_COMPILER_GLOBAL_ACCENT_COLOR_NAME = AccentColor;
				CODE_SIGN_STYLE = Automatic;
				CURRENT_PROJECT_VERSION = 1;
				GENERATE_INFOPLIST_FILE = YES;
				INFOPLIST_FILE = Flix/Info.plist;
				INFOPLIST_KEY_UIApplicationSupportsIndirectInputEvents = YES;
				INFOPLIST_KEY_UILaunchStoryboardName = LaunchScreen;
				INFOPLIST_KEY_UIMainStoryboardFile = Main;
				INFOPLIST_KEY_UISupportedInterfaceOrientations_iPad = "UIInterfaceOrientationPortrait UIInterfaceOrientationPortraitUpsideDown UIInterfaceOrientationLandscapeLeft UIInterfaceOrientationLandscapeRight";
				INFOPLIST_KEY_UISupportedInterfaceOrientations_iPhone = "UIInterfaceOrientationPortrait UIInterfaceOrientationLandscapeLeft UIInterfaceOrientationLandscapeRight";
				LD_RUNPATH_SEARCH_PATHS = (
					"$(inherited)",
					"@executable_path/Frameworks",
				);
				MARKETING_VERSION = 1.0;
				PRODUCT_BUNDLE_IDENTIFIER = Akheel.Flix;
				PRODUCT_NAME = "$(TARGET_NAME)";
				SWIFT_EMIT_LOC_STRINGS = YES;
				SWIFT_VERSION = 5.0;
				TARGETED_DEVICE_FAMILY = "1,2";
			};
			name = Debug;
		};
		8DAF558B27B35F25001BB4E8 /* Release */ = {
			isa = XCBuildConfiguration;
			baseConfigurationReference = 0547E60FE984B12DCE035993 /* Pods-Flix.release.xcconfig */;
			buildSettings = {
				ASSETCATALOG_COMPILER_APPICON_NAME = AppIcon;
				ASSETCATALOG_COMPILER_GLOBAL_ACCENT_COLOR_NAME = AccentColor;
				CODE_SIGN_STYLE = Automatic;
				CURRENT_PROJECT_VERSION = 1;
				GENERATE_INFOPLIST_FILE = YES;
				INFOPLIST_FILE = Flix/Info.plist;
				INFOPLIST_KEY_UIApplicationSupportsIndirectInputEvents = YES;
				INFOPLIST_KEY_UILaunchStoryboardName = LaunchScreen;
				INFOPLIST_KEY_UIMainStoryboardFile = Main;
				INFOPLIST_KEY_UISupportedInterfaceOrientations_iPad = "UIInterfaceOrientationPortrait UIInterfaceOrientationPortraitUpsideDown UIInterfaceOrientationLandscapeLeft UIInterfaceOrientationLandscapeRight";
				INFOPLIST_KEY_UISupportedInterfaceOrientations_iPhone = "UIInterfaceOrientationPortrait UIInterfaceOrientationLandscapeLeft UIInterfaceOrientationLandscapeRight";
				LD_RUNPATH_SEARCH_PATHS = (
					"$(inherited)",
					"@executable_path/Frameworks",
				);
				MARKETING_VERSION = 1.0;
				PRODUCT_BUNDLE_IDENTIFIER = Akheel.Flix;
				PRODUCT_NAME = "$(TARGET_NAME)";
				SWIFT_EMIT_LOC_STRINGS = YES;
				SWIFT_VERSION = 5.0;
				TARGETED_DEVICE_FAMILY = "1,2";
			};
			name = Release;
		};
		8DAF558D27B35F25001BB4E8 /* Debug */ = {
			isa = XCBuildConfiguration;
			baseConfigurationReference = 3B371236437BEDE1CE42B53A /* Pods-FlixTests.debug.xcconfig */;
			buildSettings = {
				ALWAYS_EMBED_SWIFT_STANDARD_LIBRARIES = YES;
				BUNDLE_LOADER = "$(TEST_HOST)";
				CODE_SIGN_STYLE = Automatic;
				CURRENT_PROJECT_VERSION = 1;
				GENERATE_INFOPLIST_FILE = YES;
				IPHONEOS_DEPLOYMENT_TARGET = 15.2;
				MARKETING_VERSION = 1.0;
				PRODUCT_BUNDLE_IDENTIFIER = Akheel.FlixTests;
				PRODUCT_NAME = "$(TARGET_NAME)";
				SWIFT_EMIT_LOC_STRINGS = NO;
				SWIFT_VERSION = 5.0;
				TARGETED_DEVICE_FAMILY = "1,2";
				TEST_HOST = "$(BUILT_PRODUCTS_DIR)/Flix.app/Flix";
			};
			name = Debug;
		};
		8DAF558E27B35F25001BB4E8 /* Release */ = {
			isa = XCBuildConfiguration;
			baseConfigurationReference = 93C1B80DD7D7232A8B64A540 /* Pods-FlixTests.release.xcconfig */;
			buildSettings = {
				ALWAYS_EMBED_SWIFT_STANDARD_LIBRARIES = YES;
				BUNDLE_LOADER = "$(TEST_HOST)";
				CODE_SIGN_STYLE = Automatic;
				CURRENT_PROJECT_VERSION = 1;
				GENERATE_INFOPLIST_FILE = YES;
				IPHONEOS_DEPLOYMENT_TARGET = 15.2;
				MARKETING_VERSION = 1.0;
				PRODUCT_BUNDLE_IDENTIFIER = Akheel.FlixTests;
				PRODUCT_NAME = "$(TARGET_NAME)";
				SWIFT_EMIT_LOC_STRINGS = NO;
				SWIFT_VERSION = 5.0;
				TARGETED_DEVICE_FAMILY = "1,2";
				TEST_HOST = "$(BUILT_PRODUCTS_DIR)/Flix.app/Flix";
			};
			name = Release;
		};
		8DAF559027B35F25001BB4E8 /* Debug */ = {
			isa = XCBuildConfiguration;
			baseConfigurationReference = 1A7A3EDEEC02BEE46F594C85 /* Pods-Flix-FlixUITests.debug.xcconfig */;
			buildSettings = {
				ALWAYS_EMBED_SWIFT_STANDARD_LIBRARIES = YES;
				CODE_SIGN_STYLE = Automatic;
				CURRENT_PROJECT_VERSION = 1;
				GENERATE_INFOPLIST_FILE = YES;
				MARKETING_VERSION = 1.0;
				PRODUCT_BUNDLE_IDENTIFIER = Akheel.FlixUITests;
				PRODUCT_NAME = "$(TARGET_NAME)";
				SWIFT_EMIT_LOC_STRINGS = NO;
				SWIFT_VERSION = 5.0;
				TARGETED_DEVICE_FAMILY = "1,2";
				TEST_TARGET_NAME = Flix;
			};
			name = Debug;
		};
		8DAF559127B35F25001BB4E8 /* Release */ = {
			isa = XCBuildConfiguration;
			baseConfigurationReference = 1707D81C21445A2C72B9E417 /* Pods-Flix-FlixUITests.release.xcconfig */;
			buildSettings = {
				ALWAYS_EMBED_SWIFT_STANDARD_LIBRARIES = YES;
				CODE_SIGN_STYLE = Automatic;
				CURRENT_PROJECT_VERSION = 1;
				GENERATE_INFOPLIST_FILE = YES;
				MARKETING_VERSION = 1.0;
				PRODUCT_BUNDLE_IDENTIFIER = Akheel.FlixUITests;
				PRODUCT_NAME = "$(TARGET_NAME)";
				SWIFT_EMIT_LOC_STRINGS = NO;
				SWIFT_VERSION = 5.0;
				TARGETED_DEVICE_FAMILY = "1,2";
				TEST_TARGET_NAME = Flix;
			};
			name = Release;
		};
/* End XCBuildConfiguration section */

/* Begin XCConfigurationList section */
		8DAF555A27B35F23001BB4E8 /* Build configuration list for PBXProject "Flix" */ = {
			isa = XCConfigurationList;
			buildConfigurations = (
				8DAF558727B35F25001BB4E8 /* Debug */,
				8DAF558827B35F25001BB4E8 /* Release */,
			);
			defaultConfigurationIsVisible = 0;
			defaultConfigurationName = Release;
		};
		8DAF558927B35F25001BB4E8 /* Build configuration list for PBXNativeTarget "Flix" */ = {
			isa = XCConfigurationList;
			buildConfigurations = (
				8DAF558A27B35F25001BB4E8 /* Debug */,
				8DAF558B27B35F25001BB4E8 /* Release */,
			);
			defaultConfigurationIsVisible = 0;
			defaultConfigurationName = Release;
		};
		8DAF558C27B35F25001BB4E8 /* Build configuration list for PBXNativeTarget "FlixTests" */ = {
			isa = XCConfigurationList;
			buildConfigurations = (
				8DAF558D27B35F25001BB4E8 /* Debug */,
				8DAF558E27B35F25001BB4E8 /* Release */,
			);
			defaultConfigurationIsVisible = 0;
			defaultConfigurationName = Release;
		};
		8DAF558F27B35F25001BB4E8 /* Build configuration list for PBXNativeTarget "FlixUITests" */ = {
			isa = XCConfigurationList;
			buildConfigurations = (
				8DAF559027B35F25001BB4E8 /* Debug */,
				8DAF559127B35F25001BB4E8 /* Release */,
			);
			defaultConfigurationIsVisible = 0;
			defaultConfigurationName = Release;
		};
/* End XCConfigurationList section */

/* Begin XCRemoteSwiftPackageReference section */
		8DAF559427B373B2001BB4E8 /* XCRemoteSwiftPackageReference "AlamofireImage" */ = {
			isa = XCRemoteSwiftPackageReference;
			repositoryURL = "https://github.com/Alamofire/AlamofireImage";
			requirement = {
				kind = upToNextMajorVersion;
				minimumVersion = 4.0.0;
			};
		};
/* End XCRemoteSwiftPackageReference section */

/* Begin XCSwiftPackageProductDependency section */
		8DAF559527B373B2001BB4E8 /* AlamofireImage */ = {
			isa = XCSwiftPackageProductDependency;
			package = 8DAF559427B373B2001BB4E8 /* XCRemoteSwiftPackageReference "AlamofireImage" */;
			productName = AlamofireImage;
		};
/* End XCSwiftPackageProductDependency section */
	};
	rootObject = 8DAF555727B35F23001BB4E8 /* Project object */;
}
